
Microsoft Visual Studio Solution File, Format Version 12.00
# Visual Studio 15
VisualStudioVersion = 15.0.28307.168
MinimumVisualStudioVersion = 10.0.40219.1
Project("{FAE04EC0-301F-11D3-BF4B-00C04F79EFBC}") = "AO.BookKeeping", "AO.BookKeeping\AO.BookKeeping.csproj", "{D0BAE504-81E4-499B-B0E0-09FC471E14AA}"
EndProject
Global
	GlobalSection(SolutionConfigurationPlatforms) = preSolution
		Debug|Any CPU = Debug|Any CPU
		Release|Any CPU = Release|Any CPU
	EndGlobalSection
	GlobalSection(ProjectConfigurationPlatforms) = postSolution
		{D0BAE504-81E4-499B-B0E0-09FC471E14AA}.Debug|Any CPU.ActiveCfg = Debug|Any CPU
		{D0BAE504-81E4-499B-B0E0-09FC471E14AA}.Debug|Any CPU.Build.0 = Debug|Any CPU
		{D0BAE504-81E4-499B-B0E0-09FC471E14AA}.Release|Any CPU.ActiveCfg = Release|Any CPU
		{D0BAE504-81E4-499B-B0E0-09FC471E14AA}.Release|Any CPU.Build.0 = Release|Any CPU
	EndGlobalSection
	GlobalSection(SolutionProperties) = preSolution
		HideSolutionNode = FALSE
	EndGlobalSection
	GlobalSection(ExtensibilityGlobals) = postSolution
		SolutionGuid = {CF9627FC-1DF5-43D7-B7CD-C50FDE882107}
	EndGlobalSection
EndGlobal
